
Microsoft Visual Studio Solution File, Format Version 12.00
# Visual Studio Version 17
VisualStudioVersion = 17.11.35312.102
MinimumVisualStudioVersion = 10.0.40219.1
Project("{FAE04EC0-301F-11D3-BF4B-00C04F79EFBC}") = "WebApplication1", "WebApplication1\WebApplication1.csproj", "{2A39DF6B-9CB4-424E-810F-4B27F76B7B4C}"
EndProject
Global
	GlobalSection(SolutionConfigurationPlatforms) = preSolution
		Debug|Any CPU = Debug|Any CPU
		Release|Any CPU = Release|Any CPU
	EndGlobalSection
	GlobalSection(ProjectConfigurationPlatforms) = postSolution
		{2A39DF6B-9CB4-424E-810F-4B27F76B7B4C}.Debug|Any CPU.ActiveCfg = Debug|Any CPU
		{2A39DF6B-9CB4-424E-810F-4B27F76B7B4C}.Debug|Any CPU.Build.0 = Debug|Any CPU
		{2A39DF6B-9CB4-424E-810F-4B27F76B7B4C}.Release|Any CPU.ActiveCfg = Release|Any CPU
		{2A39DF6B-9CB4-424E-810F-4B27F76B7B4C}.Release|Any CPU.Build.0 = Release|Any CPU
	EndGlobalSection
	GlobalSection(SolutionProperties) = preSolution
		HideSolutionNode = FALSE
	EndGlobalSection
	GlobalSection(ExtensibilityGlobals) = postSolution
		SolutionGuid = {2AE78094-A64B-4623-9B52-961704C51613}
	EndGlobalSection
EndGlobal
